
Microsoft Visual Studio Solution File, Format Version 12.00
# Visual Studio Version 17
VisualStudioVersion = 17.3.32819.101
MinimumVisualStudioVersion = 10.0.40219.1
Project("{FAE04EC0-301F-11D3-BF4B-00C04F79EFBC}") = "KnifeDamageMod_BZ", "KnifeDamageMod_BZ\KnifeDamageMod_BZ.csproj", "{9F31782C-7B97-44BE-BBE5-6DB23DF77B6F}"
EndProject
Project("{FAE04EC0-301F-11D3-BF4B-00C04F79EFBC}") = "KnifeDamageMod_SN", "KnifeDamageMod_SN\KnifeDamageMod_SN.csproj", "{7A7C969A-59EB-40FC-A30A-2A0C954E34EF}"
EndProject
Project("{FAE04EC0-301F-11D3-BF4B-00C04F79EFBC}") = "KnifeDamageMod_BZ_BepInEx", "KnifeDamageMod_BZ_BEPINEX\KnifeDamageMod_BZ_BepInEx.csproj", "{55DFC976-0792-4622-93BB-459C831C96A3}"
EndProject
Project("{FAE04EC0-301F-11D3-BF4B-00C04F79EFBC}") = "KnifeDamageMod_SN_BepInEx", "KnifeDamageMod_SN_BEPINEX\KnifeDamageMod_SN_BepInEx.csproj", "{F1407BC6-6DC7-4ACA-AACA-0CBB5EDD514E}"
EndProject
Global
	GlobalSection(SolutionConfigurationPlatforms) = preSolution
		Below Zero|Any CPU = Below Zero|Any CPU
		Debug|Any CPU = Debug|Any CPU
		Release|Any CPU = Release|Any CPU
		Subnautica|Any CPU = Subnautica|Any CPU
		Test|Any CPU = Test|Any CPU
	EndGlobalSection
	GlobalSection(ProjectConfigurationPlatforms) = postSolution
		{9F31782C-7B97-44BE-BBE5-6DB23DF77B6F}.Below Zero|Any CPU.ActiveCfg = Below Zero|Any CPU
		{9F31782C-7B97-44BE-BBE5-6DB23DF77B6F}.Below Zero|Any CPU.Build.0 = Below Zero|Any CPU
		{9F31782C-7B97-44BE-BBE5-6DB23DF77B6F}.Debug|Any CPU.ActiveCfg = Debug|Any CPU
		{9F31782C-7B97-44BE-BBE5-6DB23DF77B6F}.Debug|Any CPU.Build.0 = Debug|Any CPU
		{9F31782C-7B97-44BE-BBE5-6DB23DF77B6F}.Release|Any CPU.ActiveCfg = Release|Any CPU
		{9F31782C-7B97-44BE-BBE5-6DB23DF77B6F}.Release|Any CPU.Build.0 = Release|Any CPU
		{9F31782C-7B97-44BE-BBE5-6DB23DF77B6F}.Subnautica|Any CPU.ActiveCfg = Subnautica|Any CPU
		{9F31782C-7B97-44BE-BBE5-6DB23DF77B6F}.Subnautica|Any CPU.Build.0 = Subnautica|Any CPU
		{9F31782C-7B97-44BE-BBE5-6DB23DF77B6F}.Test|Any CPU.ActiveCfg = Test|Any CPU
		{9F31782C-7B97-44BE-BBE5-6DB23DF77B6F}.Test|Any CPU.Build.0 = Test|Any CPU
		{7A7C969A-59EB-40FC-A30A-2A0C954E34EF}.Below Zero|Any CPU.ActiveCfg = Below Zero|Any CPU
		{7A7C969A-59EB-40FC-A30A-2A0C954E34EF}.Below Zero|Any CPU.Build.0 = Below Zero|Any CPU
		{7A7C969A-59EB-40FC-A30A-2A0C954E34EF}.Debug|Any CPU.ActiveCfg = Debug|Any CPU
		{7A7C969A-59EB-40FC-A30A-2A0C954E34EF}.Debug|Any CPU.Build.0 = Debug|Any CPU
		{7A7C969A-59EB-40FC-A30A-2A0C954E34EF}.Release|Any CPU.ActiveCfg = Release|Any CPU
		{7A7C969A-59EB-40FC-A30A-2A0C954E34EF}.Release|Any CPU.Build.0 = Release|Any CPU
		{7A7C969A-59EB-40FC-A30A-2A0C954E34EF}.Subnautica|Any CPU.ActiveCfg = Subnautica|Any CPU
		{7A7C969A-59EB-40FC-A30A-2A0C954E34EF}.Subnautica|Any CPU.Build.0 = Subnautica|Any CPU
		{7A7C969A-59EB-40FC-A30A-2A0C954E34EF}.Test|Any CPU.ActiveCfg = Debug|Any CPU
		{7A7C969A-59EB-40FC-A30A-2A0C954E34EF}.Test|Any CPU.Build.0 = Debug|Any CPU
		{55DFC976-0792-4622-93BB-459C831C96A3}.Below Zero|Any CPU.ActiveCfg = Below Zero|Any CPU
		{55DFC976-0792-4622-93BB-459C831C96A3}.Below Zero|Any CPU.Build.0 = Below Zero|Any CPU
		{55DFC976-0792-4622-93BB-459C831C96A3}.Debug|Any CPU.ActiveCfg = Debug|Any CPU
		{55DFC976-0792-4622-93BB-459C831C96A3}.Debug|Any CPU.Build.0 = Debug|Any CPU
		{55DFC976-0792-4622-93BB-459C831C96A3}.Release|Any CPU.ActiveCfg = Release|Any CPU
		{55DFC976-0792-4622-93BB-459C831C96A3}.Release|Any CPU.Build.0 = Release|Any CPU
		{55DFC976-0792-4622-93BB-459C831C96A3}.Subnautica|Any CPU.ActiveCfg = Subnautica|Any CPU
		{55DFC976-0792-4622-93BB-459C831C96A3}.Subnautica|Any CPU.Build.0 = Subnautica|Any CPU
		{55DFC976-0792-4622-93BB-459C831C96A3}.Test|Any CPU.ActiveCfg = Test|Any CPU
		{55DFC976-0792-4622-93BB-459C831C96A3}.Test|Any CPU.Build.0 = Test|Any CPU
		{F1407BC6-6DC7-4ACA-AACA-0CBB5EDD514E}.Below Zero|Any CPU.ActiveCfg = Debug|Any CPU
		{F1407BC6-6DC7-4ACA-AACA-0CBB5EDD514E}.Below Zero|Any CPU.Build.0 = Debug|Any CPU
		{F1407BC6-6DC7-4ACA-AACA-0CBB5EDD514E}.Debug|Any CPU.ActiveCfg = Debug|Any CPU
		{F1407BC6-6DC7-4ACA-AACA-0CBB5EDD514E}.Debug|Any CPU.Build.0 = Debug|Any CPU
		{F1407BC6-6DC7-4ACA-AACA-0CBB5EDD514E}.Release|Any CPU.ActiveCfg = Release|Any CPU
		{F1407BC6-6DC7-4ACA-AACA-0CBB5EDD514E}.Release|Any CPU.Build.0 = Release|Any CPU
		{F1407BC6-6DC7-4ACA-AACA-0CBB5EDD514E}.Subnautica|Any CPU.ActiveCfg = Debug|Any CPU
		{F1407BC6-6DC7-4ACA-AACA-0CBB5EDD514E}.Subnautica|Any CPU.Build.0 = Debug|Any CPU
		{F1407BC6-6DC7-4ACA-AACA-0CBB5EDD514E}.Test|Any CPU.ActiveCfg = Debug|Any CPU
		{F1407BC6-6DC7-4ACA-AACA-0CBB5EDD514E}.Test|Any CPU.Build.0 = Debug|Any CPU
	EndGlobalSection
	GlobalSection(SolutionProperties) = preSolution
		HideSolutionNode = FALSE
	EndGlobalSection
	GlobalSection(ExtensibilityGlobals) = postSolution
		SolutionGuid = {089AD4BB-A329-4732-8AA1-ECC0192B80F3}
		        SolutionGuid = {64A0D31D-5371-447F-932A-2E7BA048CC37}
		    SolutionGuid = {1A23E9F3-FE4A-4C2C-B4E9-DAB16497E558}
	EndGlobalSection
EndGlobal
